
Microsoft Visual Studio Solution File, Format Version 12.00
# Visual Studio Version 17
VisualStudioVersion = 17.14.36518.9
MinimumVisualStudioVersion = 10.0.40219.1
Project("{2150E333-8FDC-42A3-9474-1A3956D46DE8}") = "src", "src", "{02EA681E-C7D8-13C7-8484-4AC65E1B71E8}"
EndProject
Project("{2150E333-8FDC-42A3-9474-1A3956D46DE8}") = "tests", "tests", "{73C08D29-95D2-4076-8E04-8E333B8E72F5}"
EndProject
Project("{FAE04EC0-301F-11D3-BF4B-00C04F79EFBC}") = "NaReta.Domain", "src\NaReta.Domain\NaReta.Domain.csproj", "{D4129255-5770-43FB-BBEC-68A12CBF3B7D}"
EndProject
Project("{FAE04EC0-301F-11D3-BF4B-00C04F79EFBC}") = "NaReta.Domain.Test", "tests\NaReta.Domain.Test\NaReta.Domain.Test.csproj", "{922AE784-C487-42A9-B7DF-7B45A8C91EC6}"
EndProject
Project("{FAE04EC0-301F-11D3-BF4B-00C04F79EFBC}") = "NaReta.Api", "src\NaReta.Api\NaReta.Api.csproj", "{22F56A3A-DAC2-4736-B1BF-B29C7FD4F198}"
EndProject
Global
	GlobalSection(SolutionConfigurationPlatforms) = preSolution
		Debug|Any CPU = Debug|Any CPU
		Release|Any CPU = Release|Any CPU
	EndGlobalSection
	GlobalSection(ProjectConfigurationPlatforms) = postSolution
		{D4129255-5770-43FB-BBEC-68A12CBF3B7D}.Debug|Any CPU.ActiveCfg = Debug|Any CPU
		{D4129255-5770-43FB-BBEC-68A12CBF3B7D}.Debug|Any CPU.Build.0 = Debug|Any CPU
		{D4129255-5770-43FB-BBEC-68A12CBF3B7D}.Release|Any CPU.ActiveCfg = Release|Any CPU
		{D4129255-5770-43FB-BBEC-68A12CBF3B7D}.Release|Any CPU.Build.0 = Release|Any CPU
		{922AE784-C487-42A9-B7DF-7B45A8C91EC6}.Debug|Any CPU.ActiveCfg = Debug|Any CPU
		{922AE784-C487-42A9-B7DF-7B45A8C91EC6}.Debug|Any CPU.Build.0 = Debug|Any CPU
		{922AE784-C487-42A9-B7DF-7B45A8C91EC6}.Release|Any CPU.ActiveCfg = Release|Any CPU
		{922AE784-C487-42A9-B7DF-7B45A8C91EC6}.Release|Any CPU.Build.0 = Release|Any CPU
		{22F56A3A-DAC2-4736-B1BF-B29C7FD4F198}.Debug|Any CPU.ActiveCfg = Debug|Any CPU
		{22F56A3A-DAC2-4736-B1BF-B29C7FD4F198}.Debug|Any CPU.Build.0 = Debug|Any CPU
		{22F56A3A-DAC2-4736-B1BF-B29C7FD4F198}.Release|Any CPU.ActiveCfg = Release|Any CPU
		{22F56A3A-DAC2-4736-B1BF-B29C7FD4F198}.Release|Any CPU.Build.0 = Release|Any CPU
	EndGlobalSection
	GlobalSection(SolutionProperties) = preSolution
		HideSolutionNode = FALSE
	EndGlobalSection
	GlobalSection(NestedProjects) = preSolution
		{D4129255-5770-43FB-BBEC-68A12CBF3B7D} = {02EA681E-C7D8-13C7-8484-4AC65E1B71E8}
		{922AE784-C487-42A9-B7DF-7B45A8C91EC6} = {73C08D29-95D2-4076-8E04-8E333B8E72F5}
		{22F56A3A-DAC2-4736-B1BF-B29C7FD4F198} = {02EA681E-C7D8-13C7-8484-4AC65E1B71E8}
	EndGlobalSection
	GlobalSection(ExtensibilityGlobals) = postSolution
		SolutionGuid = {A7C1D88D-11BA-4E54-B2BC-F0AC95C44BA7}
	EndGlobalSection
EndGlobal
